
Microsoft Visual Studio Solution File, Format Version 12.00
Project("{FAE04EC0-301F-11D3-BF4B-00C04F79EFBC}") = "AutomapperExternalProfile", "AutomapperExternalProfile\AutomapperExternalProfile.csproj", "{E9630813-B184-4AEB-8F97-3D500E3CE239}"
EndProject
Project("{FAE04EC0-301F-11D3-BF4B-00C04F79EFBC}") = "InternalLibrary", "InternalLibrary\InternalLibrary.csproj", "{D5F34178-7699-4876-A1E3-E6FBD62B677E}"
EndProject
Project("{FAE04EC0-301F-11D3-BF4B-00C04F79EFBC}") = "MyApp", "MyApp\MyApp.csproj", "{05D9A3C1-6170-457B-8B1D-045AA38A489E}"
EndProject
Global
	GlobalSection(SolutionConfigurationPlatforms) = preSolution
		Debug|Any CPU = Debug|Any CPU
		Release|Any CPU = Release|Any CPU
	EndGlobalSection
	GlobalSection(ProjectConfigurationPlatforms) = postSolution
		{E9630813-B184-4AEB-8F97-3D500E3CE239}.Debug|Any CPU.ActiveCfg = Debug|Any CPU
		{E9630813-B184-4AEB-8F97-3D500E3CE239}.Debug|Any CPU.Build.0 = Debug|Any CPU
		{E9630813-B184-4AEB-8F97-3D500E3CE239}.Release|Any CPU.ActiveCfg = Release|Any CPU
		{E9630813-B184-4AEB-8F97-3D500E3CE239}.Release|Any CPU.Build.0 = Release|Any CPU
		{D5F34178-7699-4876-A1E3-E6FBD62B677E}.Debug|Any CPU.ActiveCfg = Debug|Any CPU
		{D5F34178-7699-4876-A1E3-E6FBD62B677E}.Debug|Any CPU.Build.0 = Debug|Any CPU
		{D5F34178-7699-4876-A1E3-E6FBD62B677E}.Release|Any CPU.ActiveCfg = Release|Any CPU
		{D5F34178-7699-4876-A1E3-E6FBD62B677E}.Release|Any CPU.Build.0 = Release|Any CPU
		{05D9A3C1-6170-457B-8B1D-045AA38A489E}.Debug|Any CPU.ActiveCfg = Debug|Any CPU
		{05D9A3C1-6170-457B-8B1D-045AA38A489E}.Debug|Any CPU.Build.0 = Debug|Any CPU
		{05D9A3C1-6170-457B-8B1D-045AA38A489E}.Release|Any CPU.ActiveCfg = Release|Any CPU
		{05D9A3C1-6170-457B-8B1D-045AA38A489E}.Release|Any CPU.Build.0 = Release|Any CPU
	EndGlobalSection
EndGlobal
